
Microsoft Visual Studio Solution File, Format Version 12.00
# Visual Studio Version 17
VisualStudioVersion = 17.1.32407.343
MinimumVisualStudioVersion = 10.0.40219.1
Project("{9A19103F-16F7-4668-BE54-9A1E7A4F7556}") = "ToDoList", "ToDoList\ToDoList.csproj", "{A44BE920-8289-4782-8FA7-F3E075EAD8C9}"
EndProject
Project("{9A19103F-16F7-4668-BE54-9A1E7A4F7556}") = "ToDoList.MsSqlDb", "ToDoList.MsSqlDb\ToDoList.MsSqlDb.csproj", "{50E6CA59-2CDC-48F7-9DD6-C0B567FD4819}"
EndProject
Project("{9A19103F-16F7-4668-BE54-9A1E7A4F7556}") = "ToDoList.Xml", "ToDoList.XML\ToDoList.Xml.csproj", "{44CBBA4B-57DF-40EE-BFCC-793F6934DBF4}"
EndProject
Project("{FAE04EC0-301F-11D3-BF4B-00C04F79EFBC}") = "ToDoList.Business", "ToDoList.Business\ToDoList.Business.csproj", "{122BB61A-62F1-4B35-A404-F1B9E8B68AD4}"
EndProject
Global
	GlobalSection(SolutionConfigurationPlatforms) = preSolution
		Debug|Any CPU = Debug|Any CPU
		Release|Any CPU = Release|Any CPU
	EndGlobalSection
	GlobalSection(ProjectConfigurationPlatforms) = postSolution
		{A44BE920-8289-4782-8FA7-F3E075EAD8C9}.Debug|Any CPU.ActiveCfg = Debug|Any CPU
		{A44BE920-8289-4782-8FA7-F3E075EAD8C9}.Debug|Any CPU.Build.0 = Debug|Any CPU
		{A44BE920-8289-4782-8FA7-F3E075EAD8C9}.Release|Any CPU.ActiveCfg = Release|Any CPU
		{A44BE920-8289-4782-8FA7-F3E075EAD8C9}.Release|Any CPU.Build.0 = Release|Any CPU
		{50E6CA59-2CDC-48F7-9DD6-C0B567FD4819}.Debug|Any CPU.ActiveCfg = Debug|Any CPU
		{50E6CA59-2CDC-48F7-9DD6-C0B567FD4819}.Debug|Any CPU.Build.0 = Debug|Any CPU
		{50E6CA59-2CDC-48F7-9DD6-C0B567FD4819}.Release|Any CPU.ActiveCfg = Release|Any CPU
		{50E6CA59-2CDC-48F7-9DD6-C0B567FD4819}.Release|Any CPU.Build.0 = Release|Any CPU
		{44CBBA4B-57DF-40EE-BFCC-793F6934DBF4}.Debug|Any CPU.ActiveCfg = Debug|Any CPU
		{44CBBA4B-57DF-40EE-BFCC-793F6934DBF4}.Debug|Any CPU.Build.0 = Debug|Any CPU
		{44CBBA4B-57DF-40EE-BFCC-793F6934DBF4}.Release|Any CPU.ActiveCfg = Release|Any CPU
		{44CBBA4B-57DF-40EE-BFCC-793F6934DBF4}.Release|Any CPU.Build.0 = Release|Any CPU
		{122BB61A-62F1-4B35-A404-F1B9E8B68AD4}.Debug|Any CPU.ActiveCfg = Debug|Any CPU
		{122BB61A-62F1-4B35-A404-F1B9E8B68AD4}.Debug|Any CPU.Build.0 = Debug|Any CPU
		{122BB61A-62F1-4B35-A404-F1B9E8B68AD4}.Release|Any CPU.ActiveCfg = Release|Any CPU
		{122BB61A-62F1-4B35-A404-F1B9E8B68AD4}.Release|Any CPU.Build.0 = Release|Any CPU
	EndGlobalSection
	GlobalSection(SolutionProperties) = preSolution
		HideSolutionNode = FALSE
	EndGlobalSection
	GlobalSection(ExtensibilityGlobals) = postSolution
		SolutionGuid = {480B37FC-583A-4D88-8651-A0A631405000}
	EndGlobalSection
EndGlobal
